{
  "name": "poker-html-client",
  "version": "0.1.4",
  "lockfileVersion": 1,
  "dependencies": {
    "@types/applicationinsights": {
      "version": "0.15.33",
      "resolved": "https://registry.npmjs.org/@types/applicationinsights/-/applicationinsights-0.15.33.tgz",
      "integrity": "sha1-yohXeRuaxSzlKplCXksJrRfrlwg=",
      "dev": true
    },
    "@types/cordova": {
      "version": "0.0.34",
      "resolved": "https://registry.npmjs.org/@types/cordova/-/cordova-0.0.34.tgz",
      "integrity": "sha1-6nrd907Ow9dimCegw54smt3HPQQ=",
      "dev": true
    },
    "@types/cordova-plugin-camera": {
      "version": "0.0.2",
      "resolved": "https://registry.npmjs.org/@types/cordova-plugin-camera/-/cordova-plugin-camera-0.0.2.tgz",
      "integrity": "sha1-MCLH4i676uBeDwwOvwNI7qBiow0=",
      "dev": true
    },
    "@types/cordova-plugin-device": {
      "version": "0.0.2",
      "resolved": "https://registry.npmjs.org/@types/cordova-plugin-device/-/cordova-plugin-device-0.0.2.tgz",
      "integrity": "sha1-DP6z2lDBe206Go9ZpGHUw1yLIeU=",
      "dev": true
    },
    "@types/cordova-plugin-keyboard": {
      "version": "0.1.3",
      "resolved": "https://registry.npmjs.org/@types/cordova-plugin-keyboard/-/cordova-plugin-keyboard-0.1.3.tgz",
      "integrity": "sha1-Qi4zpi/8BAIgJyQMt8Blarz6ZYQ=",
      "dev": true
    },
    "@types/cordova-plugin-media": {
      "version": "0.0.2",
      "resolved": "https://registry.npmjs.org/@types/cordova-plugin-media/-/cordova-plugin-media-0.0.2.tgz",
      "integrity": "sha1-o5cjOZWihTtYdVlyBsaNBseheMc=",
      "dev": true
    },
    "@types/cordova-plugin-network-information": {
      "version": "0.0.2",
      "resolved": "https://registry.npmjs.org/@types/cordova-plugin-network-information/-/cordova-plugin-network-information-0.0.2.tgz",
      "integrity": "sha1-V2qO9YAy9+T+E3CQi2cI7IN0lqs=",
      "dev": true
    },
    "@types/cordova-plugin-splashscreen": {
      "version": "0.0.2",
      "resolved": "https://registry.npmjs.org/@types/cordova-plugin-splashscreen/-/cordova-plugin-splashscreen-0.0.2.tgz",
      "integrity": "sha1-14yY9Q9u0oxcT+i4QzJnKYs4yr4=",
      "dev": true
    },
    "@types/cordova-plugin-statusbar": {
      "version": "0.0.2",
      "resolved": "https://registry.npmjs.org/@types/cordova-plugin-statusbar/-/cordova-plugin-statusbar-0.0.2.tgz",
      "integrity": "sha1-MnGtD28BrPkchL+nTHM7HCxF74g=",
      "dev": true
    },
    "@types/jasmine": {
      "version": "2.5.52",
      "resolved": "https://registry.npmjs.org/@types/jasmine/-/jasmine-2.5.52.tgz",
      "integrity": "sha512-UPh5iFLlmAJ0W1jbzKyVMAC4CmvZAA6wxA9ES+SrzWvUxi5ZZfptxiIAdC6JeYlwRJLDilL3ckq4pzW1J3mngg==",
      "dev": true
    },
    "@types/jquery": {
      "version": "1.10.32",
      "resolved": "https://registry.npmjs.org/@types/jquery/-/jquery-1.10.32.tgz",
      "integrity": "sha512-CIl8Nc+u1EhtFpw9hk70FsxGjPDVqUJUZJ24tgaJKguDuf6LGKOex02cVhtoXgJh+Vna6+otKePSnxRi8f0K7Q==",
      "dev": true
    },
    "@types/knockout": {
      "version": "3.4.41",
      "resolved": "https://registry.npmjs.org/@types/knockout/-/knockout-3.4.41.tgz",
      "integrity": "sha512-7n6ZLiK3r+vj4qz8tppSyfO4Eym3nBW5hT6uoGBDV9FSPN+XZyL+bZYnBGwygQ5+vHJx2qtJnneXwqCWnINh8g==",
      "dev": true
    },
    "@types/knockout.validation": {
      "version": "0.0.31",
      "resolved": "https://registry.npmjs.org/@types/knockout.validation/-/knockout.validation-0.0.31.tgz",
      "integrity": "sha1-eRmWnb6X63TL3q0owAmQzJaz/Qc=",
      "dev": true
    },
    "@types/moment": {
      "version": "2.13.0",
      "resolved": "https://registry.npmjs.org/@types/moment/-/moment-2.13.0.tgz",
      "integrity": "sha1-YE69GJvDvDShVIaJQE5hoqSqyJY=",
      "dev": true
    },
    "@types/requirejs": {
      "version": "2.1.29",
      "resolved": "https://registry.npmjs.org/@types/requirejs/-/requirejs-2.1.29.tgz",
      "integrity": "sha1-vEi8gzwHnCwkumr7ym06A7P04vM=",
      "dev": true
    },
    "@types/signalr": {
      "version": "2.2.34",
      "resolved": "https://registry.npmjs.org/@types/signalr/-/signalr-2.2.34.tgz",
      "integrity": "sha512-2/HxTKE3oYszNXOIfwjyYZ1rgs/2F+lAyhV2CQszXBHSyFqG3ka99yZx18AdiOUHWtu2CUge6GgQSZRifa6nDA==",
      "dev": true
    },
    "ansi-regex": {
      "version": "2.1.1",
      "resolved": "https://registry.npmjs.org/ansi-regex/-/ansi-regex-2.1.1.tgz",
      "integrity": "sha1-w7M6te42DYbg5ijwRorn7yfWVN8=",
      "dev": true
    },
    "ansi-styles": {
      "version": "2.2.1",
      "resolved": "https://registry.npmjs.org/ansi-styles/-/ansi-styles-2.2.1.tgz",
      "integrity": "sha1-tDLdM1i2NM914eRmQ2gkBTPB3b4=",
      "dev": true
    },
    "babel-code-frame": {
      "version": "6.22.0",
      "resolved": "https://registry.npmjs.org/babel-code-frame/-/babel-code-frame-6.22.0.tgz",
      "integrity": "sha1-AnYgvuVnqIwyVhV05/0IAdMxGOQ=",
      "dev": true
    },
    "balanced-match": {
      "version": "1.0.0",
      "resolved": "https://registry.npmjs.org/balanced-match/-/balanced-match-1.0.0.tgz",
      "integrity": "sha1-ibTRmasr7kneFk6gK4nORi1xt2c=",
      "dev": true
    },
    "brace-expansion": {
      "version": "1.1.8",
      "resolved": "https://registry.npmjs.org/brace-expansion/-/brace-expansion-1.1.8.tgz",
      "integrity": "sha1-wHshHHyVLsH479Uad+8NHTmQopI=",
      "dev": true
    },
    "chalk": {
      "version": "1.1.3",
      "resolved": "https://registry.npmjs.org/chalk/-/chalk-1.1.3.tgz",
      "integrity": "sha1-qBFcVeSnAv5NFQq9OHKCKn4J/Jg=",
      "dev": true
    },
    "colors": {
      "version": "1.1.2",
      "resolved": "https://registry.npmjs.org/colors/-/colors-1.1.2.tgz",
      "integrity": "sha1-FopHAXVran9RoSzgyXv6KMCE7WM=",
      "dev": true
    },
    "commander": {
      "version": "2.11.0",
      "resolved": "https://registry.npmjs.org/commander/-/commander-2.11.0.tgz",
      "integrity": "sha512-b0553uYA5YAEGgyYIGYROzKQ7X5RAqedkfjiZxwi0kL1g3bOaBNNZfYkzt/CL0umgD5wc9Jec2FbB98CjkMRvQ==",
      "dev": true
    },
    "concat-map": {
      "version": "0.0.1",
      "resolved": "https://registry.npmjs.org/concat-map/-/concat-map-0.0.1.tgz",
      "integrity": "sha1-2Klr13/Wjfd5OnMDajug1UBdR3s=",
      "dev": true
    },
    "escape-string-regexp": {
      "version": "1.0.5",
      "resolved": "https://registry.npmjs.org/escape-string-regexp/-/escape-string-regexp-1.0.5.tgz",
      "integrity": "sha1-G2HAViGQqN/2rjuyzwIAyhMLhtQ=",
      "dev": true
    },
    "esutils": {
      "version": "2.0.2",
      "resolved": "https://registry.npmjs.org/esutils/-/esutils-2.0.2.tgz",
      "integrity": "sha1-Cr9PHKpbyx96nYrMbepPqqBLrJs=",
      "dev": true
    },
    "fs.realpath": {
      "version": "1.0.0",
      "resolved": "https://registry.npmjs.org/fs.realpath/-/fs.realpath-1.0.0.tgz",
      "integrity": "sha1-FQStJSMVjKpA20onh8sBQRmU6k8=",
      "dev": true
    },
    "glob": {
      "version": "7.1.2",
      "resolved": "https://registry.npmjs.org/glob/-/glob-7.1.2.tgz",
      "integrity": "sha512-MJTUg1kjuLeQCJ+ccE4Vpa6kKVXkPYJ2mOCQyUuKLcLQsdrMCpBPUi8qVE6+YuaJkozeA9NusTAw3hLr8Xe5EQ==",
      "dev": true
    },
    "has-ansi": {
      "version": "2.0.0",
      "resolved": "https://registry.npmjs.org/has-ansi/-/has-ansi-2.0.0.tgz",
      "integrity": "sha1-NPUEnOHs3ysGSa8+8k5F7TVBbZE=",
      "dev": true
    },
    "inflight": {
      "version": "1.0.6",
      "resolved": "https://registry.npmjs.org/inflight/-/inflight-1.0.6.tgz",
      "integrity": "sha1-Sb1jMdfQLQwJvJEKEHW6gWW1bfk=",
      "dev": true
    },
    "inherits": {
      "version": "2.0.3",
      "resolved": "https://registry.npmjs.org/inherits/-/inherits-2.0.3.tgz",
      "integrity": "sha1-Yzwsg+PaQqUC9SRmAiSA9CCCYd4=",
      "dev": true
    },
    "js-tokens": {
      "version": "3.0.2",
      "resolved": "https://registry.npmjs.org/js-tokens/-/js-tokens-3.0.2.tgz",
      "integrity": "sha1-mGbfOVECEw449/mWvOtlRDIJwls=",
      "dev": true
    },
    "minimatch": {
      "version": "3.0.4",
      "resolved": "https://registry.npmjs.org/minimatch/-/minimatch-3.0.4.tgz",
      "integrity": "sha512-yJHVQEhyqPLUTgt9B83PXu6W3rx4MvvHvSUvToogpwoGDOUQ+yDrR0HRot+yOCdCO7u4hX3pWft6kWBBcqh0UA==",
      "dev": true
    },
    "moment": {
      "version": "2.18.1",
      "resolved": "https://registry.npmjs.org/moment/-/moment-2.18.1.tgz",
      "integrity": "sha1-w2GT3Tzhwu7SrbfIAtu8d6gbHA8=",
      "dev": true
    },
    "once": {
      "version": "1.4.0",
      "resolved": "https://registry.npmjs.org/once/-/once-1.4.0.tgz",
      "integrity": "sha1-WDsap3WWHUsROsF9nFC6753Xa9E=",
      "dev": true
    },
    "path-is-absolute": {
      "version": "1.0.1",
      "resolved": "https://registry.npmjs.org/path-is-absolute/-/path-is-absolute-1.0.1.tgz",
      "integrity": "sha1-F0uSaHNVNP+8es5r9TpanhtcX18=",
      "dev": true
    },
    "path-parse": {
      "version": "1.0.5",
      "resolved": "https://registry.npmjs.org/path-parse/-/path-parse-1.0.5.tgz",
      "integrity": "sha1-PBrfhx6pzWyUMbbqK9dKD/BVxME=",
      "dev": true
    },
    "poker-server-api": {
      "version": "0.0.2",
      "resolved": "https://registry.npmjs.org/poker-server-api/-/poker-server-api-0.0.2.tgz",
      "integrity": "sha1-+cdFBpn3FseNSQcGRRo713QLGdI=",
      "dev": true
    },
    "resolve": {
      "version": "1.3.3",
      "resolved": "https://registry.npmjs.org/resolve/-/resolve-1.3.3.tgz",
      "integrity": "sha1-ZVkHw0aahoDcLeOidaj91paR8OU=",
      "dev": true
    },
    "semver": {
      "version": "5.3.0",
      "resolved": "https://registry.npmjs.org/semver/-/semver-5.3.0.tgz",
      "integrity": "sha1-myzl094C0XxgEq0yaqa00M9U+U8=",
      "dev": true
    },
    "strip-ansi": {
      "version": "3.0.1",
      "resolved": "https://registry.npmjs.org/strip-ansi/-/strip-ansi-3.0.1.tgz",
      "integrity": "sha1-ajhfuIU9lS1f8F0Oiq+UJ43GPc8=",
      "dev": true
    },
    "supports-color": {
      "version": "2.0.0",
      "resolved": "https://registry.npmjs.org/supports-color/-/supports-color-2.0.0.tgz",
      "integrity": "sha1-U10EXOa2Nj+kARcIRimZXp3zJMc=",
      "dev": true
    },
    "tslib": {
      "version": "1.7.1",
      "resolved": "https://registry.npmjs.org/tslib/-/tslib-1.7.1.tgz",
      "integrity": "sha1-vIAEFkaRkjp5/oN4u+s9ogF1OOw=",
      "dev": true
    },
    "tslint": {
      "version": "5.5.0",
      "resolved": "https://registry.npmjs.org/tslint/-/tslint-5.5.0.tgz",
      "integrity": "sha1-EOjas+MGH6YelELozuOYKs8gpqo=",
      "dev": true,
      "dependencies": {
        "diff": {
          "version": "3.3.0",
          "resolved": "https://registry.npmjs.org/diff/-/diff-3.3.0.tgz",
          "integrity": "sha512-w0XZubFWn0Adlsapj9EAWX0FqWdO4tz8kc3RiYdWLh4k/V8PTb6i0SMgXt0vRM3zyKnT8tKO7mUlieRQHIjMNg==",
          "dev": true
        }
      }
    },
    "tsutils": {
      "version": "2.7.1",
      "resolved": "https://registry.npmjs.org/tsutils/-/tsutils-2.7.1.tgz",
      "integrity": "sha1-QRoOlGZSWisoaSYKVWINcpIVXiQ=",
      "dev": true
    },
    "typescript": {
      "version": "2.4.1",
      "resolved": "https://registry.npmjs.org/typescript/-/typescript-2.4.1.tgz",
      "integrity": "sha1-w8yxbdqgsjFN4DHn5v7onlujRrw=",
      "dev": true
    },
    "wrappy": {
      "version": "1.0.2",
      "resolved": "https://registry.npmjs.org/wrappy/-/wrappy-1.0.2.tgz",
      "integrity": "sha1-tSQ9jz7BqjXxNkYFvA0QNuMKtp8=",
      "dev": true
    }
  }
}
