{
  "name": "poker-html-client",
  "version": "0.1.2",
  "lockfileVersion": 1,
  "dependencies": {
    "@types/applicationinsights": {
      "version": "0.15.33",
      "resolved": "https://registry.npmjs.org/@types/applicationinsights/-/applicationinsights-0.15.33.tgz",
      "integrity": "sha1-yohXeRuaxSzlKplCXksJrRfrlwg=",
      "dev": true
    },
    "@types/cordova": {
      "version": "0.0.34",
      "resolved": "https://registry.npmjs.org/@types/cordova/-/cordova-0.0.34.tgz",
      "integrity": "sha1-6nrd907Ow9dimCegw54smt3HPQQ=",
      "dev": true
    },
    "@types/cordova-plugin-camera": {
      "version": "0.0.2",
      "resolved": "https://registry.npmjs.org/@types/cordova-plugin-camera/-/cordova-plugin-camera-0.0.2.tgz",
      "integrity": "sha1-MCLH4i676uBeDwwOvwNI7qBiow0=",
      "dev": true
    },
    "@types/cordova-plugin-device": {
      "version": "0.0.2",
      "resolved": "https://registry.npmjs.org/@types/cordova-plugin-device/-/cordova-plugin-device-0.0.2.tgz",
      "integrity": "sha1-DP6z2lDBe206Go9ZpGHUw1yLIeU=",
      "dev": true
    },
    "@types/cordova-plugin-keyboard": {
      "version": "0.1.3",
      "resolved": "https://registry.npmjs.org/@types/cordova-plugin-keyboard/-/cordova-plugin-keyboard-0.1.3.tgz",
      "integrity": "sha1-Qi4zpi/8BAIgJyQMt8Blarz6ZYQ=",
      "dev": true
    },
    "@types/cordova-plugin-media": {
      "version": "0.0.2",
      "resolved": "https://registry.npmjs.org/@types/cordova-plugin-media/-/cordova-plugin-media-0.0.2.tgz",
      "integrity": "sha1-o5cjOZWihTtYdVlyBsaNBseheMc=",
      "dev": true
    },
    "@types/cordova-plugin-network-information": {
      "version": "0.0.2",
      "resolved": "https://registry.npmjs.org/@types/cordova-plugin-network-information/-/cordova-plugin-network-information-0.0.2.tgz",
      "integrity": "sha1-V2qO9YAy9+T+E3CQi2cI7IN0lqs=",
      "dev": true
    },
    "@types/cordova-plugin-splashscreen": {
      "version": "0.0.2",
      "resolved": "https://registry.npmjs.org/@types/cordova-plugin-splashscreen/-/cordova-plugin-splashscreen-0.0.2.tgz",
      "integrity": "sha1-14yY9Q9u0oxcT+i4QzJnKYs4yr4=",
      "dev": true
    },
    "@types/cordova-plugin-statusbar": {
      "version": "0.0.2",
      "resolved": "https://registry.npmjs.org/@types/cordova-plugin-statusbar/-/cordova-plugin-statusbar-0.0.2.tgz",
      "integrity": "sha1-MnGtD28BrPkchL+nTHM7HCxF74g=",
      "dev": true
    },
    "@types/jasmine": {
      "version": "2.5.52",
      "resolved": "https://registry.npmjs.org/@types/jasmine/-/jasmine-2.5.52.tgz",
      "integrity": "sha512-UPh5iFLlmAJ0W1jbzKyVMAC4CmvZAA6wxA9ES+SrzWvUxi5ZZfptxiIAdC6JeYlwRJLDilL3ckq4pzW1J3mngg==",
      "dev": true
    },
    "@types/jquery": {
      "version": "1.10.32",
      "resolved": "https://registry.npmjs.org/@types/jquery/-/jquery-1.10.32.tgz",
      "integrity": "sha512-CIl8Nc+u1EhtFpw9hk70FsxGjPDVqUJUZJ24tgaJKguDuf6LGKOex02cVhtoXgJh+Vna6+otKePSnxRi8f0K7Q==",
      "dev": true
    },
    "@types/knockout": {
      "version": "3.4.41",
      "resolved": "https://registry.npmjs.org/@types/knockout/-/knockout-3.4.41.tgz",
      "integrity": "sha512-7n6ZLiK3r+vj4qz8tppSyfO4Eym3nBW5hT6uoGBDV9FSPN+XZyL+bZYnBGwygQ5+vHJx2qtJnneXwqCWnINh8g==",
      "dev": true
    },
    "@types/knockout.validation": {
      "version": "0.0.31",
      "resolved": "https://registry.npmjs.org/@types/knockout.validation/-/knockout.validation-0.0.31.tgz",
      "integrity": "sha1-eRmWnb6X63TL3q0owAmQzJaz/Qc=",
      "dev": true
    },
    "@types/moment": {
      "version": "2.13.0",
      "resolved": "https://registry.npmjs.org/@types/moment/-/moment-2.13.0.tgz",
      "integrity": "sha1-YE69GJvDvDShVIaJQE5hoqSqyJY=",
      "dev": true
    },
    "@types/requirejs": {
      "version": "2.1.29",
      "resolved": "https://registry.npmjs.org/@types/requirejs/-/requirejs-2.1.29.tgz",
      "integrity": "sha1-vEi8gzwHnCwkumr7ym06A7P04vM=",
      "dev": true
    },
    "@types/signalr": {
      "version": "2.2.34",
      "resolved": "https://registry.npmjs.org/@types/signalr/-/signalr-2.2.34.tgz",
      "integrity": "sha512-2/HxTKE3oYszNXOIfwjyYZ1rgs/2F+lAyhV2CQszXBHSyFqG3ka99yZx18AdiOUHWtu2CUge6GgQSZRifa6nDA==",
      "dev": true
    },
    "balanced-match": {
      "version": "1.0.0",
      "resolved": "https://registry.npmjs.org/balanced-match/-/balanced-match-1.0.0.tgz",
      "integrity": "sha1-ibTRmasr7kneFk6gK4nORi1xt2c=",
      "dev": true
    },
    "brace-expansion": {
      "version": "1.1.8",
      "resolved": "https://registry.npmjs.org/brace-expansion/-/brace-expansion-1.1.8.tgz",
      "integrity": "sha1-wHshHHyVLsH479Uad+8NHTmQopI=",
      "dev": true
    },
    "colors": {
      "version": "1.1.2",
      "resolved": "https://registry.npmjs.org/colors/-/colors-1.1.2.tgz",
      "integrity": "sha1-FopHAXVran9RoSzgyXv6KMCE7WM=",
      "dev": true
    },
    "concat-map": {
      "version": "0.0.1",
      "resolved": "https://registry.npmjs.org/concat-map/-/concat-map-0.0.1.tgz",
      "integrity": "sha1-2Klr13/Wjfd5OnMDajug1UBdR3s=",
      "dev": true
    },
    "diff": {
      "version": "2.2.3",
      "resolved": "https://registry.npmjs.org/diff/-/diff-2.2.3.tgz",
      "integrity": "sha1-YOr9DSjukG5Oj/ClLBIpUhAzv5k=",
      "dev": true
    },
    "findup-sync": {
      "version": "0.3.0",
      "resolved": "https://registry.npmjs.org/findup-sync/-/findup-sync-0.3.0.tgz",
      "integrity": "sha1-N5MKpdgWt3fANEXhlmzGeQpMCxY=",
      "dev": true,
      "dependencies": {
        "glob": {
          "version": "5.0.15",
          "resolved": "https://registry.npmjs.org/glob/-/glob-5.0.15.tgz",
          "integrity": "sha1-G8k2ueAvSmA/zCIuz3Yz0wuLk7E=",
          "dev": true
        }
      }
    },
    "fs.realpath": {
      "version": "1.0.0",
      "resolved": "https://registry.npmjs.org/fs.realpath/-/fs.realpath-1.0.0.tgz",
      "integrity": "sha1-FQStJSMVjKpA20onh8sBQRmU6k8=",
      "dev": true
    },
    "glob": {
      "version": "7.1.2",
      "resolved": "https://registry.npmjs.org/glob/-/glob-7.1.2.tgz",
      "integrity": "sha512-MJTUg1kjuLeQCJ+ccE4Vpa6kKVXkPYJ2mOCQyUuKLcLQsdrMCpBPUi8qVE6+YuaJkozeA9NusTAw3hLr8Xe5EQ==",
      "dev": true
    },
    "inflight": {
      "version": "1.0.6",
      "resolved": "https://registry.npmjs.org/inflight/-/inflight-1.0.6.tgz",
      "integrity": "sha1-Sb1jMdfQLQwJvJEKEHW6gWW1bfk=",
      "dev": true
    },
    "inherits": {
      "version": "2.0.3",
      "resolved": "https://registry.npmjs.org/inherits/-/inherits-2.0.3.tgz",
      "integrity": "sha1-Yzwsg+PaQqUC9SRmAiSA9CCCYd4=",
      "dev": true
    },
    "minimatch": {
      "version": "3.0.4",
      "resolved": "https://registry.npmjs.org/minimatch/-/minimatch-3.0.4.tgz",
      "integrity": "sha512-yJHVQEhyqPLUTgt9B83PXu6W3rx4MvvHvSUvToogpwoGDOUQ+yDrR0HRot+yOCdCO7u4hX3pWft6kWBBcqh0UA==",
      "dev": true
    },
    "minimist": {
      "version": "0.0.10",
      "resolved": "https://registry.npmjs.org/minimist/-/minimist-0.0.10.tgz",
      "integrity": "sha1-3j+YVD2/lggr5IrRoMfNqDYwHc8=",
      "dev": true
    },
    "moment": {
      "version": "2.18.1",
      "resolved": "https://registry.npmjs.org/moment/-/moment-2.18.1.tgz",
      "integrity": "sha1-w2GT3Tzhwu7SrbfIAtu8d6gbHA8=",
      "dev": true
    },
    "once": {
      "version": "1.4.0",
      "resolved": "https://registry.npmjs.org/once/-/once-1.4.0.tgz",
      "integrity": "sha1-WDsap3WWHUsROsF9nFC6753Xa9E=",
      "dev": true
    },
    "optimist": {
      "version": "0.6.1",
      "resolved": "https://registry.npmjs.org/optimist/-/optimist-0.6.1.tgz",
      "integrity": "sha1-2j6nRob6IaGaERwybpDrFaAZZoY=",
      "dev": true
    },
    "path-is-absolute": {
      "version": "1.0.1",
      "resolved": "https://registry.npmjs.org/path-is-absolute/-/path-is-absolute-1.0.1.tgz",
      "integrity": "sha1-F0uSaHNVNP+8es5r9TpanhtcX18=",
      "dev": true
    },
    "path-parse": {
      "version": "1.0.5",
      "resolved": "https://registry.npmjs.org/path-parse/-/path-parse-1.0.5.tgz",
      "integrity": "sha1-PBrfhx6pzWyUMbbqK9dKD/BVxME=",
      "dev": true
    },
    "poker-server-api": {
      "version": "0.0.2",
      "resolved": "https://registry.npmjs.org/poker-server-api/-/poker-server-api-0.0.2.tgz",
      "integrity": "sha1-+cdFBpn3FseNSQcGRRo713QLGdI=",
      "dev": true
    },
    "resolve": {
      "version": "1.3.3",
      "resolved": "https://registry.npmjs.org/resolve/-/resolve-1.3.3.tgz",
      "integrity": "sha1-ZVkHw0aahoDcLeOidaj91paR8OU=",
      "dev": true
    },
    "sprintf-js": {
      "version": "1.1.1",
      "resolved": "https://registry.npmjs.org/sprintf-js/-/sprintf-js-1.1.1.tgz",
      "integrity": "sha1-Nr54Mgr+WAH2zqPueLblqrlA6gw=",
      "dev": true
    },
    "tslint": {
      "version": "3.15.1",
      "resolved": "https://registry.npmjs.org/tslint/-/tslint-3.15.1.tgz",
      "integrity": "sha1-2hZcqT2P3CwIa1EWXuG6y0jJjqU=",
      "dev": true
    },
    "typescript": {
      "version": "2.4.1",
      "resolved": "https://registry.npmjs.org/typescript/-/typescript-2.4.1.tgz",
      "integrity": "sha1-w8yxbdqgsjFN4DHn5v7onlujRrw=",
      "dev": true
    },
    "underscore.string": {
      "version": "3.3.4",
      "resolved": "https://registry.npmjs.org/underscore.string/-/underscore.string-3.3.4.tgz",
      "integrity": "sha1-LCo/n4PmR2L9xF5s6sZRQoZCE9s=",
      "dev": true
    },
    "util-deprecate": {
      "version": "1.0.2",
      "resolved": "https://registry.npmjs.org/util-deprecate/-/util-deprecate-1.0.2.tgz",
      "integrity": "sha1-RQ1Nyfpw3nMnYvvS1KKJgUGaDM8=",
      "dev": true
    },
    "wordwrap": {
      "version": "0.0.3",
      "resolved": "https://registry.npmjs.org/wordwrap/-/wordwrap-0.0.3.tgz",
      "integrity": "sha1-o9XabNXAvAAI03I0u68b7WMFkQc=",
      "dev": true
    },
    "wrappy": {
      "version": "1.0.2",
      "resolved": "https://registry.npmjs.org/wrappy/-/wrappy-1.0.2.tgz",
      "integrity": "sha1-tSQ9jz7BqjXxNkYFvA0QNuMKtp8=",
      "dev": true
    }
  }
}
