# THIS IS AN AUTOGENERATED FILE. DO NOT EDIT THIS FILE DIRECTLY.
# yarn lockfile v1
"@types/cordova-plugin-camera@0.0.2":
  version "0.0.2"
  resolved "https://registry.yarnpkg.com/@types/cordova-plugin-camera/-/cordova-plugin-camera-0.0.2.tgz#3022c7e22ebbeae05e0f0c0ebf0348eea062a30d"

"@types/cordova-plugin-device@0.0.2":
  version "0.0.2"
  resolved "https://registry.yarnpkg.com/@types/cordova-plugin-device/-/cordova-plugin-device-0.0.2.tgz#0cfeb3da50c17b6d3a1a8f59a461d4c35c8b21e5"

"@types/cordova-plugin-keyboard@^0.1.2":
  version "0.1.3"
  resolved "https://registry.yarnpkg.com/@types/cordova-plugin-keyboard/-/cordova-plugin-keyboard-0.1.3.tgz#422e33a62ffc04022027240cb7c0656abcfa6584"

"@types/cordova-plugin-media@0.0.2":
  version "0.0.2"
  resolved "https://registry.yarnpkg.com/@types/cordova-plugin-media/-/cordova-plugin-media-0.0.2.tgz#a397233995a2853b5875597206c68d06c7a178c7"

"@types/cordova-plugin-network-information@0.0.2":
  version "0.0.2"
  resolved "https://registry.yarnpkg.com/@types/cordova-plugin-network-information/-/cordova-plugin-network-information-0.0.2.tgz#576a8ef58032f7e4fe1370908b6708ec837496ab"

"@types/cordova-plugin-splashscreen@0.0.2":
  version "0.0.2"
  resolved "https://registry.yarnpkg.com/@types/cordova-plugin-splashscreen/-/cordova-plugin-splashscreen-0.0.2.tgz#d78c98f50f6ed28c5c4fe8b8433267298b38cabe"

"@types/cordova-plugin-statusbar@0.0.2":
  version "0.0.2"
  resolved "https://registry.yarnpkg.com/@types/cordova-plugin-statusbar/-/cordova-plugin-statusbar-0.0.2.tgz#3271ad0f6f01acf91c84bfa74c733b1c2c45ef88"

"@types/cordova@0.0.33":
  version "0.0.33"
  resolved "https://registry.yarnpkg.com/@types/cordova/-/cordova-0.0.33.tgz#10889270491c6fa2030c3f6818e56b1c4274c166"

"@types/jasmine@^2.2.33":
  version "2.5.37"
  resolved "https://registry.yarnpkg.com/@types/jasmine/-/jasmine-2.5.37.tgz#15f16040b1106941ec4aeefa3cd9c55342a0dcbb"

"@types/jquery@*":
  version "2.0.33"
  resolved "https://registry.yarnpkg.com/@types/jquery/-/jquery-2.0.33.tgz#684ef3a2e99f6fd2afc52a357e47ae05f51f4f6c"

"@types/jquery@^1.10.31":
  version "1.10.31"
  resolved "https://registry.yarnpkg.com/@types/jquery/-/jquery-1.10.31.tgz#cebc68d369ded05344000a9b7bc62fcca7131de5"

"@types/knockout.validation@0.0.31":
  version "0.0.31"
  resolved "https://registry.yarnpkg.com/@types/knockout.validation/-/knockout.validation-0.0.31.tgz#7919969dbe97eb74cbdead28c00990cc96b3fd07"
  dependencies:
    "@types/knockout" "3.4.*"

"@types/knockout@^3.4.33", "@types/knockout@3.4.*":
  version "3.4.36"
  resolved "https://registry.yarnpkg.com/@types/knockout/-/knockout-3.4.36.tgz#4b8cc1afbaf735ae63cb8e62b69451e17474e489"

"@types/moment@^2.13.0":
  version "2.13.0"
  resolved "https://registry.yarnpkg.com/@types/moment/-/moment-2.13.0.tgz#604ebd189bc3bc34a1548689404e61a2a4aac896"
  dependencies:
    moment "*"

"@types/requirejs@^2.1.26":
  version "2.1.28"
  resolved "https://registry.yarnpkg.com/@types/requirejs/-/requirejs-2.1.28.tgz#bfb2c1d5a03a22ab137ff020abae9338b66efdad"

"@types/signalr@^2.2.31":
  version "2.2.32"
  resolved "https://registry.yarnpkg.com/@types/signalr/-/signalr-2.2.32.tgz#6a3c1b1a365c35f1b82be009632eede407586c8d"
  dependencies:
    "@types/jquery" "*"

balanced-match@^0.4.1:
  version "0.4.2"
  resolved "https://registry.yarnpkg.com/balanced-match/-/balanced-match-0.4.2.tgz#cb3f3e3c732dc0f01ee70b403f302e61d7709838"

brace-expansion@^1.0.0:
  version "1.1.6"
  resolved "https://registry.yarnpkg.com/brace-expansion/-/brace-expansion-1.1.6.tgz#7197d7eaa9b87e648390ea61fc66c84427420df9"
  dependencies:
    balanced-match "^0.4.1"
    concat-map "0.0.1"

colors@^1.1.2:
  version "1.1.2"
  resolved "https://registry.yarnpkg.com/colors/-/colors-1.1.2.tgz#168a4701756b6a7f51a12ce0c97bfa28c084ed63"

concat-map@0.0.1:
  version "0.0.1"
  resolved "https://registry.yarnpkg.com/concat-map/-/concat-map-0.0.1.tgz#d8a96bd77fd68df7793a73036a3ba0d5405d477b"

diff@^2.2.1:
  version "2.2.3"
  resolved "https://registry.yarnpkg.com/diff/-/diff-2.2.3.tgz#60eafd0d28ee906e4e8ff0a52c1229521033bf99"

findup-sync@~0.3.0:
  version "0.3.0"
  resolved "https://registry.yarnpkg.com/findup-sync/-/findup-sync-0.3.0.tgz#37930aa5d816b777c03445e1966cc6790a4c0b16"
  dependencies:
    glob "~5.0.0"

fs.realpath@^1.0.0:
  version "1.0.0"
  resolved "https://registry.yarnpkg.com/fs.realpath/-/fs.realpath-1.0.0.tgz#1504ad2523158caa40db4a2787cb01411994ea4f"

glob@^7.0.3:
  version "7.1.1"
  resolved "https://registry.yarnpkg.com/glob/-/glob-7.1.1.tgz#805211df04faaf1c63a3600306cdf5ade50b2ec8"
  dependencies:
    fs.realpath "^1.0.0"
    inflight "^1.0.4"
    inherits "2"
    minimatch "^3.0.2"
    once "^1.3.0"
    path-is-absolute "^1.0.0"

glob@~5.0.0:
  version "5.0.15"
  resolved "https://registry.yarnpkg.com/glob/-/glob-5.0.15.tgz#1bc936b9e02f4a603fcc222ecf7633d30b8b93b1"
  dependencies:
    inflight "^1.0.4"
    inherits "2"
    minimatch "2 || 3"
    once "^1.3.0"
    path-is-absolute "^1.0.0"

inflight@^1.0.4:
  version "1.0.6"
  resolved "https://registry.yarnpkg.com/inflight/-/inflight-1.0.6.tgz#49bd6331d7d02d0c09bc910a1075ba8165b56df9"
  dependencies:
    once "^1.3.0"
    wrappy "1"

inherits@2:
  version "2.0.3"
  resolved "https://registry.yarnpkg.com/inherits/-/inherits-2.0.3.tgz#633c2c83e3da42a502f52466022480f4208261de"

minimatch@^3.0.2, "minimatch@2 || 3":
  version "3.0.3"
  resolved "https://registry.yarnpkg.com/minimatch/-/minimatch-3.0.3.tgz#2a4e4090b96b2db06a9d7df01055a62a77c9b774"
  dependencies:
    brace-expansion "^1.0.0"

minimist@~0.0.1:
  version "0.0.10"
  resolved "https://registry.yarnpkg.com/minimist/-/minimist-0.0.10.tgz#de3f98543dbf96082be48ad1a0c7cda836301dcf"

moment@*:
  version "2.15.2"
  resolved "https://registry.yarnpkg.com/moment/-/moment-2.15.2.tgz#1bfdedf6a6e345f322fe956d5df5bd08a8ce84dc"

once@^1.3.0:
  version "1.4.0"
  resolved "https://registry.yarnpkg.com/once/-/once-1.4.0.tgz#583b1aa775961d4b113ac17d9c50baef9dd76bd1"
  dependencies:
    wrappy "1"

optimist@~0.6.0:
  version "0.6.1"
  resolved "https://registry.yarnpkg.com/optimist/-/optimist-0.6.1.tgz#da3ea74686fa21a19a111c326e90eb15a0196686"
  dependencies:
    minimist "~0.0.1"
    wordwrap "~0.0.2"

path-is-absolute@^1.0.0:
  version "1.0.1"
  resolved "https://registry.yarnpkg.com/path-is-absolute/-/path-is-absolute-1.0.1.tgz#174b9268735534ffbc7ace6bf53a5a9e1b5c5f5f"

poker-server-api@0.0.2:
  version "0.0.2"
  resolved "https://registry.yarnpkg.com/poker-server-api/-/poker-server-api-0.0.2.tgz#f9c7450699f716c78d490706451a3bd7740b19d2"

resolve@^1.1.7:
  version "1.1.7"
  resolved "https://registry.yarnpkg.com/resolve/-/resolve-1.1.7.tgz#203114d82ad2c5ed9e8e0411b3932875e889e97b"

sprintf-js@^1.0.3:
  version "1.0.3"
  resolved "https://registry.yarnpkg.com/sprintf-js/-/sprintf-js-1.0.3.tgz#04e6926f662895354f3dd015203633b857297e2c"

tslint@^3.15.1:
  version "3.15.1"
  resolved "https://registry.yarnpkg.com/tslint/-/tslint-3.15.1.tgz#da165ca93d8fdc2c086b51165ee1bacb48c98ea5"
  dependencies:
    colors "^1.1.2"
    diff "^2.2.1"
    findup-sync "~0.3.0"
    glob "^7.0.3"
    optimist "~0.6.0"
    resolve "^1.1.7"
    underscore.string "^3.3.4"

typescript@^2.0.3:
  version "2.0.7"
  resolved "https://registry.yarnpkg.com/typescript/-/typescript-2.0.7.tgz#efc39e8822e240d0b741d06ff86708137bcdb5e4"

underscore.string@^3.3.4:
  version "3.3.4"
  resolved "https://registry.yarnpkg.com/underscore.string/-/underscore.string-3.3.4.tgz#2c2a3f9f83e64762fdc45e6ceac65142864213db"
  dependencies:
    sprintf-js "^1.0.3"
    util-deprecate "^1.0.2"

util-deprecate@^1.0.2:
  version "1.0.2"
  resolved "https://registry.yarnpkg.com/util-deprecate/-/util-deprecate-1.0.2.tgz#450d4dc9fa70de732762fbd2d4a28981419a0ccf"

wordwrap@~0.0.2:
  version "0.0.3"
  resolved "https://registry.yarnpkg.com/wordwrap/-/wordwrap-0.0.3.tgz#a3d5da6cd5c0bc0008d37234bbaf1bed63059107"

wrappy@1:
  version "1.0.2"
  resolved "https://registry.yarnpkg.com/wrappy/-/wrappy-1.0.2.tgz#b5243d8f3ec1aa35f1364605bc0d1036e30ab69f"

